Microsoft Visual Studio Solution File, Format Version 12.00
# Visual Studio Version 17
VisualStudioVersion = 17.5.2.0
MinimumVisualStudioVersion = 10.0.40219.1
Project("{FAE04EC0-301F-11D3-BF4B-00C04F79EFBC}") = "ShelterManager", "ShelterManager.csproj", "{CAC45C3E-5C33-B457-71A8-2BDA3097F49B}"
EndProject
Global
	GlobalSection(SolutionConfigurationPlatforms) = preSolution
		Debug|Any CPU = Debug|Any CPU
		Release|Any CPU = Release|Any CPU
	EndGlobalSection
	GlobalSection(ProjectConfigurationPlatforms) = postSolution
		{CAC45C3E-5C33-B457-71A8-2BDA3097F49B}.Debug|Any CPU.ActiveCfg = Debug|Any CPU
		{CAC45C3E-5C33-B457-71A8-2BDA3097F49B}.Debug|Any CPU.Build.0 = Debug|Any CPU
		{CAC45C3E-5C33-B457-71A8-2BDA3097F49B}.Release|Any CPU.ActiveCfg = Release|Any CPU
		{CAC45C3E-5C33-B457-71A8-2BDA3097F49B}.Release|Any CPU.Build.0 = Release|Any CPU
	EndGlobalSection
	GlobalSection(SolutionProperties) = preSolution
		HideSolutionNode = FALSE
	EndGlobalSection
	GlobalSection(ExtensibilityGlobals) = postSolution
		SolutionGuid = {4B63AE80-FE88-4674-B11F-9B3BA629F651}
	EndGlobalSection
EndGlobal
